
Microsoft Visual Studio Solution File, Format Version 12.00
# Visual Studio Version 17
VisualStudioVersion = 17.4.33205.214
MinimumVisualStudioVersion = 10.0.40219.1
Project("{FAE04EC0-301F-11D3-BF4B-00C04F79EFBC}") = "Astect", "Astect.csproj", "{46172BBF-2D8A-41DE-8981-3D5EF5CFAC2D}"
EndProject
Global
	GlobalSection(SolutionConfigurationPlatforms) = preSolution
		Debug|Any CPU = Debug|Any CPU
		Release|Any CPU = Release|Any CPU
	EndGlobalSection
	GlobalSection(ProjectConfigurationPlatforms) = postSolution
		{46172BBF-2D8A-41DE-8981-3D5EF5CFAC2D}.Debug|Any CPU.ActiveCfg = Debug|Any CPU
		{46172BBF-2D8A-41DE-8981-3D5EF5CFAC2D}.Debug|Any CPU.Build.0 = Debug|Any CPU
		{46172BBF-2D8A-41DE-8981-3D5EF5CFAC2D}.Release|Any CPU.ActiveCfg = Release|Any CPU
		{46172BBF-2D8A-41DE-8981-3D5EF5CFAC2D}.Release|Any CPU.Build.0 = Release|Any CPU
	EndGlobalSection
	GlobalSection(SolutionProperties) = preSolution
		HideSolutionNode = FALSE
	EndGlobalSection
	GlobalSection(ExtensibilityGlobals) = postSolution
		SolutionGuid = {83E96F7D-032E-4F86-800F-B143DB8F233B}
	EndGlobalSection
EndGlobal
