
Microsoft Visual Studio Solution File, Format Version 12.00
# Visual Studio Version 16
VisualStudioVersion = 16.0.31624.102
MinimumVisualStudioVersion = 10.0.40219.1
Project("{FAE04EC0-301F-11D3-BF4B-00C04F79EFBC}") = "IT488NewUser", "IT488NewUser.csproj", "{6717C2CF-590F-469F-BB18-31267CB37254}"
EndProject
Global
	GlobalSection(SolutionConfigurationPlatforms) = preSolution
		Debug|Any CPU = Debug|Any CPU
		Release|Any CPU = Release|Any CPU
	EndGlobalSection
	GlobalSection(ProjectConfigurationPlatforms) = postSolution
		{6717C2CF-590F-469F-BB18-31267CB37254}.Debug|Any CPU.ActiveCfg = Debug|Any CPU
		{6717C2CF-590F-469F-BB18-31267CB37254}.Debug|Any CPU.Build.0 = Debug|Any CPU
		{6717C2CF-590F-469F-BB18-31267CB37254}.Release|Any CPU.ActiveCfg = Release|Any CPU
		{6717C2CF-590F-469F-BB18-31267CB37254}.Release|Any CPU.Build.0 = Release|Any CPU
	EndGlobalSection
	GlobalSection(SolutionProperties) = preSolution
		HideSolutionNode = FALSE
	EndGlobalSection
	GlobalSection(ExtensibilityGlobals) = postSolution
		SolutionGuid = {B148F623-4C46-4F92-B328-9E65D1540EFE}
	EndGlobalSection
EndGlobal
